
Microsoft Visual Studio Solution File, Format Version 12.00
# Visual Studio 15
VisualStudioVersion = 15.0.28307.1927
MinimumVisualStudioVersion = 10.0.40219.1
Project("{FAE04EC0-301F-11D3-BF4B-00C04F79EFBC}") = "Cliente_Restfull_Aerolineas_Dotnet", "Cliente_Restfull_Aerolineas_Dotnet\Cliente_Restfull_Aerolineas_Dotnet.csproj", "{EEC711FD-6DEF-4895-B215-5C3AE5FA21F7}"
EndProject
Global
	GlobalSection(SolutionConfigurationPlatforms) = preSolution
		Debug|Any CPU = Debug|Any CPU
		Release|Any CPU = Release|Any CPU
	EndGlobalSection
	GlobalSection(ProjectConfigurationPlatforms) = postSolution
		{EEC711FD-6DEF-4895-B215-5C3AE5FA21F7}.Debug|Any CPU.ActiveCfg = Debug|Any CPU
		{EEC711FD-6DEF-4895-B215-5C3AE5FA21F7}.Debug|Any CPU.Build.0 = Debug|Any CPU
		{EEC711FD-6DEF-4895-B215-5C3AE5FA21F7}.Release|Any CPU.ActiveCfg = Release|Any CPU
		{EEC711FD-6DEF-4895-B215-5C3AE5FA21F7}.Release|Any CPU.Build.0 = Release|Any CPU
	EndGlobalSection
	GlobalSection(SolutionProperties) = preSolution
		HideSolutionNode = FALSE
	EndGlobalSection
	GlobalSection(ExtensibilityGlobals) = postSolution
		SolutionGuid = {F1D92C67-80EB-489B-9D4A-92D225FB4997}
	EndGlobalSection
EndGlobal
